<Solution>
  <Project Path="GymXP.API/GymXP.API.csproj" />
  <Project Path="GymXP.Application/GymXP.Application.csproj" />
  <Project Path="GymXP.Domain/GymXP.Domain.csproj" />
  <Project Path="GymXP.Infrastructure/GymXP.Infrastructure.csproj" />
  <Project Path="GymXP.Workflows/GymXP.Workflows.csproj" />
</Solution>
